// !$*UTF8*$!
{
	archiveVersion = 1;
	classes = {
	};
	objectVersion = 46;
	objects = {

/* Begin PBXBuildFile section */
		B00EB13418D6DC9F00303DF2 /* Foundation.framework in Frameworks */ = {isa = PBXBuildFile; fileRef = B00EB13318D6DC9F00303DF2 /* Foundation.framework */; };
		B00EB13618D6DC9F00303DF2 /* CoreGraphics.framework in Frameworks */ = {isa = PBXBuildFile; fileRef = B00EB13518D6DC9F00303DF2 /* CoreGraphics.framework */; };
		B00EB13818D6DC9F00303DF2 /* UIKit.framework in Frameworks */ = {isa = PBXBuildFile; fileRef = B00EB13718D6DC9F00303DF2 /* UIKit.framework */; };
		B00EB13E18D6DC9F00303DF2 /* InfoPlist.strings in Resources */ = {isa = PBXBuildFile; fileRef = B00EB13C18D6DC9F00303DF2 /* InfoPlist.strings */; };
		B00EB14018D6DC9F00303DF2 /* main.m in Sources */ = {isa = PBXBuildFile; fileRef = B00EB13F18D6DC9F00303DF2 /* main.m */; };
		B00EB14418D6DC9F00303DF2 /* MainAppDelegate.m in Sources */ = {isa = PBXBuildFile; fileRef = B00EB14318D6DC9F00303DF2 /* MainAppDelegate.m */; };
		B00EB14718D6DC9F00303DF2 /* Main.storyboard in Resources */ = {isa = PBXBuildFile; fileRef = B00EB14518D6DC9F00303DF2 /* Main.storyboard */; };
		B00EB14A18D6DC9F00303DF2 /* MainViewController.m in Sources */ = {isa = PBXBuildFile; fileRef = B00EB14918D6DC9F00303DF2 /* MainViewController.m */; };
		B00EB14C18D6DC9F00303DF2 /* Images.xcassets in Resources */ = {isa = PBXBuildFile; fileRef = B00EB14B18D6DC9F00303DF2 /* Images.xcassets */; };
		B00EB15318D6DC9F00303DF2 /* XCTest.framework in Frameworks */ = {isa = PBXBuildFile; fileRef = B00EB15218D6DC9F00303DF2 /* XCTest.framework */; };
		B00EB15418D6DC9F00303DF2 /* Foundation.framework in Frameworks */ = {isa = PBXBuildFile; fileRef = B00EB13318D6DC9F00303DF2 /* Foundation.framework */; };
		B00EB15518D6DC9F00303DF2 /* UIKit.framework in Frameworks */ = {isa = PBXBuildFile; fileRef = B00EB13718D6DC9F00303DF2 /* UIKit.framework */; };
		B00EB15D18D6DC9F00303DF2 /* InfoPlist.strings in Resources */ = {isa = PBXBuildFile; fileRef = B00EB15B18D6DC9F00303DF2 /* InfoPlist.strings */; };
		B00EB15F18D6DC9F00303DF2 /* TestProjectTests.m in Sources */ = {isa = PBXBuildFile; fileRef = B00EB15E18D6DC9F00303DF2 /* TestProjectTests.m */; };
		B012831A1A36F8AB00741E0C /* TestViewControllerTransition.m in Sources */ = {isa = PBXBuildFile; fileRef = B01283191A36F8AB00741E0C /* TestViewControllerTransition.m */; };
		B02153BA1A1CA8B0004465A7 /* GWHttpMethods.m in Sources */ = {isa = PBXBuildFile; fileRef = B02153B91A1CA8B0004465A7 /* GWHttpMethods.m */; };
		B0221903193820C500305E3A /* MultiSplitCollectionView.m in Sources */ = {isa = PBXBuildFile; fileRef = B0221902193820C500305E3A /* MultiSplitCollectionView.m */; };
		B0221906193820DD00305E3A /* MultiSplitCollectionViewCell.m in Sources */ = {isa = PBXBuildFile; fileRef = B0221905193820DD00305E3A /* MultiSplitCollectionViewCell.m */; };
		B022190919388D8A00305E3A /* QuartzCore.framework in Frameworks */ = {isa = PBXBuildFile; fileRef = B022190819388D8A00305E3A /* QuartzCore.framework */; };
		B0428B25195BC2EF007FA624 /* AppNotificationMessage.m in Sources */ = {isa = PBXBuildFile; fileRef = B0428B24195BC2EF007FA624 /* AppNotificationMessage.m */; };
		B05BEE881A03688C007E0884 /* CoreMedia.framework in Frameworks */ = {isa = PBXBuildFile; fileRef = B05BEE871A03688C007E0884 /* CoreMedia.framework */; };
		B06D6AD41999B6C40037DF27 /* MaterialButton.m in Sources */ = {isa = PBXBuildFile; fileRef = B06D6AD31999B6C40037DF27 /* MaterialButton.m */; };
		B07154B419E63CAE00D12648 /* CoreDataTestViewController.m in Sources */ = {isa = PBXBuildFile; fileRef = B07154B319E63CAE00D12648 /* CoreDataTestViewController.m */; };
		B0858DCF19B6C61F000C23B4 /* OrientationViewController.m in Sources */ = {isa = PBXBuildFile; fileRef = B0858DCE19B6C61F000C23B4 /* OrientationViewController.m */; };
		B0858DE519B6CAA7000C23B4 /* FourSplitFlowLayout.m in Sources */ = {isa = PBXBuildFile; fileRef = B0858DE419B6CAA7000C23B4 /* FourSplitFlowLayout.m */; };
		B0858DE819B6CC2C000C23B4 /* OneSplitFlowLayout.m in Sources */ = {isa = PBXBuildFile; fileRef = B0858DE719B6CC2C000C23B4 /* OneSplitFlowLayout.m */; };
		B0858DEC19B70D84000C23B4 /* NineSplitFlowLayout.m in Sources */ = {isa = PBXBuildFile; fileRef = B0858DEB19B70D84000C23B4 /* NineSplitFlowLayout.m */; };
		B0858DF219B70EF6000C23B4 /* SixteenSplitFlowLayout.m in Sources */ = {isa = PBXBuildFile; fileRef = B0858DF119B70EF6000C23B4 /* SixteenSplitFlowLayout.m */; };
		B08CAD6519ED221E007037EA /* librabbitmq.a in Frameworks */ = {isa = PBXBuildFile; fileRef = B08CAD6319ED221E007037EA /* librabbitmq.a */; };
		B08CAD6819ED297A007037EA /* RabbitMQViewController.m in Sources */ = {isa = PBXBuildFile; fileRef = B08CAD6719ED297A007037EA /* RabbitMQViewController.m */; };
		B096F12E191B626600218D8D /* FacebookPopViewController.m in Sources */ = {isa = PBXBuildFile; fileRef = B096F12D191B626600218D8D /* FacebookPopViewController.m */; };
		B09DFAA01987A2A5004174CE /* MediaPlayer.framework in Frameworks */ = {isa = PBXBuildFile; fileRef = B09DFA9F1987A2A5004174CE /* MediaPlayer.framework */; };
		B09DFAA21987A2AB004174CE /* MediaToolbox.framework in Frameworks */ = {isa = PBXBuildFile; fileRef = B09DFAA11987A2AB004174CE /* MediaToolbox.framework */; };
		B09DFAA81987AE1C004174CE /* TestMpMoviePlayerViewController.m in Sources */ = {isa = PBXBuildFile; fileRef = B09DFAA71987AE1C004174CE /* TestMpMoviePlayerViewController.m */; };
		B09DFAAA1987B04B004174CE /* testMpmovie.mp4 in Resources */ = {isa = PBXBuildFile; fileRef = B09DFAA91987B04B004174CE /* testMpmovie.mp4 */; };
		B0B2094A18DC2C3A00201CBD /* TableViewAutoLayoutTableViewController.m in Sources */ = {isa = PBXBuildFile; fileRef = B0B2094918DC2C3A00201CBD /* TableViewAutoLayoutTableViewController.m */; };
		B0C43C9C1919CA1900F2A670 /* PageInitViewController.m in Sources */ = {isa = PBXBuildFile; fileRef = B0C43C9B1919CA1900F2A670 /* PageInitViewController.m */; };
		B0C43CA51919E35200F2A670 /* PageContentViewController.m in Sources */ = {isa = PBXBuildFile; fileRef = B0C43CA41919E35200F2A670 /* PageContentViewController.m */; };
		B0D4EC211A022E1E0067ECB2 /* TestAVFoudationViewController.m in Sources */ = {isa = PBXBuildFile; fileRef = B0D4EC201A022E1E0067ECB2 /* TestAVFoudationViewController.m */; };
		B0D4EC231A022F700067ECB2 /* AVFoundation.framework in Frameworks */ = {isa = PBXBuildFile; fileRef = B0D4EC221A022F700067ECB2 /* AVFoundation.framework */; };
		B0D7B69B18DA770B0095C471 /* CoreData.framework in Frameworks */ = {isa = PBXBuildFile; fileRef = B0D7B69A18DA770B0095C471 /* CoreData.framework */; };
		B0D907041A51619500B60823 /* AlbumFullViewController.m in Sources */ = {isa = PBXBuildFile; fileRef = B0D907011A51619500B60823 /* AlbumFullViewController.m */; };
		B0D907051A51619500B60823 /* SHNPictureManagerCtrller.m in Sources */ = {isa = PBXBuildFile; fileRef = B0D907031A51619500B60823 /* SHNPictureManagerCtrller.m */; };
		B0DD27401A318D02005C5845 /* TestButton.m in Sources */ = {isa = PBXBuildFile; fileRef = B0DD273F1A318D02005C5845 /* TestButton.m */; };
		B0DD27431A318F0A005C5845 /* TestButtonViewController.m in Sources */ = {isa = PBXBuildFile; fileRef = B0DD27421A318F0A005C5845 /* TestButtonViewController.m */; };
		B0FA090819E675A800C2E62A /* country.xcdatamodeld in Sources */ = {isa = PBXBuildFile; fileRef = B0FA090619E675A800C2E62A /* country.xcdatamodeld */; };
		B0FA090B19E675D200C2E62A /* Country.m in Sources */ = {isa = PBXBuildFile; fileRef = B0FA090A19E675D200C2E62A /* Country.m */; };
		FCC3E7FD0FF645D49B05BFA5 /* libPods.a in Frameworks */ = {isa = PBXBuildFile; fileRef = AED9780FC353400697DA57C9 /* libPods.a */; };
/* End PBXBuildFile section */

/* Begin PBXContainerItemProxy section */
		B00EB15618D6DC9F00303DF2 /* PBXContainerItemProxy */ = {
			isa = PBXContainerItemProxy;
			containerPortal = B00EB12818D6DC9F00303DF2 /* Project object */;
			proxyType = 1;
			remoteGlobalIDString = B00EB12F18D6DC9F00303DF2;
			remoteInfo = TestProject;
		};
/* End PBXContainerItemProxy section */

/* Begin PBXFileReference section */
		AED9780FC353400697DA57C9 /* libPods.a */ = {isa = PBXFileReference; explicitFileType = archive.ar; includeInIndex = 0; path = libPods.a; sourceTree = BUILT_PRODUCTS_DIR; };
		B00EB13018D6DC9F00303DF2 /* TestProject.app */ = {isa = PBXFileReference; explicitFileType = wrapper.application; includeInIndex = 0; path = TestProject.app; sourceTree = BUILT_PRODUCTS_DIR; };
		B00EB13318D6DC9F00303DF2 /* Foundation.framework */ = {isa = PBXFileReference; lastKnownFileType = wrapper.framework; name = Foundation.framework; path = System/Library/Frameworks/Foundation.framework; sourceTree = SDKROOT; };
		B00EB13518D6DC9F00303DF2 /* CoreGraphics.framework */ = {isa = PBXFileReference; lastKnownFileType = wrapper.framework; name = CoreGraphics.framework; path = System/Library/Frameworks/CoreGraphics.framework; sourceTree = SDKROOT; };
		B00EB13718D6DC9F00303DF2 /* UIKit.framework */ = {isa = PBXFileReference; lastKnownFileType = wrapper.framework; name = UIKit.framework; path = System/Library/Frameworks/UIKit.framework; sourceTree = SDKROOT; };
		B00EB13B18D6DC9F00303DF2 /* TestProject-Info.plist */ = {isa = PBXFileReference; lastKnownFileType = text.plist.xml; path = "TestProject-Info.plist"; sourceTree = "<group>"; };
		B00EB13D18D6DC9F00303DF2 /* en */ = {isa = PBXFileReference; lastKnownFileType = text.plist.strings; name = en; path = en.lproj/InfoPlist.strings; sourceTree = "<group>"; };
		B00EB13F18D6DC9F00303DF2 /* main.m */ = {isa = PBXFileReference; lastKnownFileType = sourcecode.c.objc; path = main.m; sourceTree = "<group>"; };
		B00EB14118D6DC9F00303DF2 /* TestProject-Prefix.pch */ = {isa = PBXFileReference; lastKnownFileType = sourcecode.c.h; path = "TestProject-Prefix.pch"; sourceTree = "<group>"; };
		B00EB14218D6DC9F00303DF2 /* MainAppDelegate.h */ = {isa = PBXFileReference; lastKnownFileType = sourcecode.c.h; path = MainAppDelegate.h; sourceTree = "<group>"; };
		B00EB14318D6DC9F00303DF2 /* MainAppDelegate.m */ = {isa = PBXFileReference; lastKnownFileType = sourcecode.c.objc; path = MainAppDelegate.m; sourceTree = "<group>"; };
		B00EB14618D6DC9F00303DF2 /* Base */ = {isa = PBXFileReference; lastKnownFileType = file.storyboard; name = Base; path = Base.lproj/Main.storyboard; sourceTree = "<group>"; };
		B00EB14818D6DC9F00303DF2 /* MainViewController.h */ = {isa = PBXFileReference; lastKnownFileType = sourcecode.c.h; path = MainViewController.h; sourceTree = "<group>"; };
		B00EB14918D6DC9F00303DF2 /* MainViewController.m */ = {isa = PBXFileReference; lastKnownFileType = sourcecode.c.objc; path = MainViewController.m; sourceTree = "<group>"; };
		B00EB14B18D6DC9F00303DF2 /* Images.xcassets */ = {isa = PBXFileReference; lastKnownFileType = folder.assetcatalog; path = Images.xcassets; sourceTree = "<group>"; };
		B00EB15118D6DC9F00303DF2 /* TestProjectTests.xctest */ = {isa = PBXFileReference; explicitFileType = wrapper.cfbundle; includeInIndex = 0; path = TestProjectTests.xctest; sourceTree = BUILT_PRODUCTS_DIR; };
		B00EB15218D6DC9F00303DF2 /* XCTest.framework */ = {isa = PBXFileReference; lastKnownFileType = wrapper.framework; name = XCTest.framework; path = Library/Frameworks/XCTest.framework; sourceTree = DEVELOPER_DIR; };
		B00EB15A18D6DC9F00303DF2 /* TestProjectTests-Info.plist */ = {isa = PBXFileReference; lastKnownFileType = text.plist.xml; path = "TestProjectTests-Info.plist"; sourceTree = "<group>"; };
		B00EB15C18D6DC9F00303DF2 /* en */ = {isa = PBXFileReference; lastKnownFileType = text.plist.strings; name = en; path = en.lproj/InfoPlist.strings; sourceTree = "<group>"; };
		B00EB15E18D6DC9F00303DF2 /* TestProjectTests.m */ = {isa = PBXFileReference; lastKnownFileType = sourcecode.c.objc; path = TestProjectTests.m; sourceTree = "<group>"; };
		B01283181A36F8AB00741E0C /* TestViewControllerTransition.h */ = {isa = PBXFileReference; fileEncoding = 4; lastKnownFileType = sourcecode.c.h; path = TestViewControllerTransition.h; sourceTree = "<group>"; };
		B01283191A36F8AB00741E0C /* TestViewControllerTransition.m */ = {isa = PBXFileReference; fileEncoding = 4; lastKnownFileType = sourcecode.c.objc; path = TestViewControllerTransition.m; sourceTree = "<group>"; };
		B02153B81A1CA8B0004465A7 /* GWHttpMethods.h */ = {isa = PBXFileReference; fileEncoding = 4; lastKnownFileType = sourcecode.c.h; path = GWHttpMethods.h; sourceTree = "<group>"; };
		B02153B91A1CA8B0004465A7 /* GWHttpMethods.m */ = {isa = PBXFileReference; fileEncoding = 4; lastKnownFileType = sourcecode.c.objc; path = GWHttpMethods.m; sourceTree = "<group>"; };
		B0221901193820C500305E3A /* MultiSplitCollectionView.h */ = {isa = PBXFileReference; fileEncoding = 4; lastKnownFileType = sourcecode.c.h; path = MultiSplitCollectionView.h; sourceTree = "<group>"; };
		B0221902193820C500305E3A /* MultiSplitCollectionView.m */ = {isa = PBXFileReference; fileEncoding = 4; lastKnownFileType = sourcecode.c.objc; path = MultiSplitCollectionView.m; sourceTree = "<group>"; };
		B0221904193820DD00305E3A /* MultiSplitCollectionViewCell.h */ = {isa = PBXFileReference; fileEncoding = 4; lastKnownFileType = sourcecode.c.h; path = MultiSplitCollectionViewCell.h; sourceTree = "<group>"; };
		B0221905193820DD00305E3A /* MultiSplitCollectionViewCell.m */ = {isa = PBXFileReference; fileEncoding = 4; lastKnownFileType = sourcecode.c.objc; path = MultiSplitCollectionViewCell.m; sourceTree = "<group>"; };
		B022190819388D8A00305E3A /* QuartzCore.framework */ = {isa = PBXFileReference; lastKnownFileType = wrapper.framework; name = QuartzCore.framework; path = System/Library/Frameworks/QuartzCore.framework; sourceTree = SDKROOT; };
		B03B2AA51A30652B007CCCF7 /* nvr.mp4 */ = {isa = PBXFileReference; lastKnownFileType = file; path = nvr.mp4; sourceTree = "<group>"; };
		B0428B23195BC2EF007FA624 /* AppNotificationMessage.h */ = {isa = PBXFileReference; fileEncoding = 4; lastKnownFileType = sourcecode.c.h; path = AppNotificationMessage.h; sourceTree = "<group>"; };
		B0428B24195BC2EF007FA624 /* AppNotificationMessage.m */ = {isa = PBXFileReference; fileEncoding = 4; lastKnownFileType = sourcecode.c.objc; path = AppNotificationMessage.m; sourceTree = "<group>"; };
		B05BEE871A03688C007E0884 /* CoreMedia.framework */ = {isa = PBXFileReference; lastKnownFileType = wrapper.framework; name = CoreMedia.framework; path = System/Library/Frameworks/CoreMedia.framework; sourceTree = SDKROOT; };
		B06D6AD21999B6C40037DF27 /* MaterialButton.h */ = {isa = PBXFileReference; fileEncoding = 4; lastKnownFileType = sourcecode.c.h; path = MaterialButton.h; sourceTree = "<group>"; };
		B06D6AD31999B6C40037DF27 /* MaterialButton.m */ = {isa = PBXFileReference; fileEncoding = 4; lastKnownFileType = sourcecode.c.objc; path = MaterialButton.m; sourceTree = "<group>"; };
		B07154B219E63CAE00D12648 /* CoreDataTestViewController.h */ = {isa = PBXFileReference; fileEncoding = 4; lastKnownFileType = sourcecode.c.h; path = CoreDataTestViewController.h; sourceTree = "<group>"; };
		B07154B319E63CAE00D12648 /* CoreDataTestViewController.m */ = {isa = PBXFileReference; fileEncoding = 4; lastKnownFileType = sourcecode.c.objc; path = CoreDataTestViewController.m; sourceTree = "<group>"; };
		B0858DCD19B6C61F000C23B4 /* OrientationViewController.h */ = {isa = PBXFileReference; fileEncoding = 4; lastKnownFileType = sourcecode.c.h; path = OrientationViewController.h; sourceTree = "<group>"; };
		B0858DCE19B6C61F000C23B4 /* OrientationViewController.m */ = {isa = PBXFileReference; fileEncoding = 4; lastKnownFileType = sourcecode.c.objc; path = OrientationViewController.m; sourceTree = "<group>"; };
		B0858DE319B6CAA7000C23B4 /* FourSplitFlowLayout.h */ = {isa = PBXFileReference; fileEncoding = 4; lastKnownFileType = sourcecode.c.h; path = FourSplitFlowLayout.h; sourceTree = "<group>"; };
		B0858DE419B6CAA7000C23B4 /* FourSplitFlowLayout.m */ = {isa = PBXFileReference; fileEncoding = 4; lastKnownFileType = sourcecode.c.objc; path = FourSplitFlowLayout.m; sourceTree = "<group>"; };
		B0858DE619B6CC2C000C23B4 /* OneSplitFlowLayout.h */ = {isa = PBXFileReference; fileEncoding = 4; lastKnownFileType = sourcecode.c.h; path = OneSplitFlowLayout.h; sourceTree = "<group>"; };
		B0858DE719B6CC2C000C23B4 /* OneSplitFlowLayout.m */ = {isa = PBXFileReference; fileEncoding = 4; lastKnownFileType = sourcecode.c.objc; path = OneSplitFlowLayout.m; sourceTree = "<group>"; };
		B0858DEA19B70D84000C23B4 /* NineSplitFlowLayout.h */ = {isa = PBXFileReference; fileEncoding = 4; lastKnownFileType = sourcecode.c.h; path = NineSplitFlowLayout.h; sourceTree = "<group>"; };
		B0858DEB19B70D84000C23B4 /* NineSplitFlowLayout.m */ = {isa = PBXFileReference; fileEncoding = 4; lastKnownFileType = sourcecode.c.objc; path = NineSplitFlowLayout.m; sourceTree = "<group>"; };
		B0858DF019B70EF6000C23B4 /* SixteenSplitFlowLayout.h */ = {isa = PBXFileReference; fileEncoding = 4; lastKnownFileType = sourcecode.c.h; path = SixteenSplitFlowLayout.h; sourceTree = "<group>"; };
		B0858DF119B70EF6000C23B4 /* SixteenSplitFlowLayout.m */ = {isa = PBXFileReference; fileEncoding = 4; lastKnownFileType = sourcecode.c.objc; path = SixteenSplitFlowLayout.m; sourceTree = "<group>"; };
		B08CAD6019ED221E007037EA /* amqp.h */ = {isa = PBXFileReference; fileEncoding = 4; lastKnownFileType = sourcecode.c.h; path = amqp.h; sourceTree = "<group>"; };
		B08CAD6119ED221E007037EA /* amqp_framing.h */ = {isa = PBXFileReference; fileEncoding = 4; lastKnownFileType = sourcecode.c.h; path = amqp_framing.h; sourceTree = "<group>"; };
		B08CAD6219ED221E007037EA /* amqp_private.h */ = {isa = PBXFileReference; fileEncoding = 4; lastKnownFileType = sourcecode.c.h; path = amqp_private.h; sourceTree = "<group>"; };
		B08CAD6319ED221E007037EA /* librabbitmq.a */ = {isa = PBXFileReference; lastKnownFileType = archive.ar; path = librabbitmq.a; sourceTree = "<group>"; };
		B08CAD6419ED221E007037EA /* socket.h */ = {isa = PBXFileReference; fileEncoding = 4; lastKnownFileType = sourcecode.c.h; path = socket.h; sourceTree = "<group>"; };
		B08CAD6619ED297A007037EA /* RabbitMQViewController.h */ = {isa = PBXFileReference; fileEncoding = 4; lastKnownFileType = sourcecode.c.h; path = RabbitMQViewController.h; sourceTree = "<group>"; };
		B08CAD6719ED297A007037EA /* RabbitMQViewController.m */ = {isa = PBXFileReference; fileEncoding = 4; lastKnownFileType = sourcecode.c.objc; path = RabbitMQViewController.m; sourceTree = "<group>"; };
		B096F12C191B626600218D8D /* FacebookPopViewController.h */ = {isa = PBXFileReference; fileEncoding = 4; lastKnownFileType = sourcecode.c.h; path = FacebookPopViewController.h; sourceTree = "<group>"; };
		B096F12D191B626600218D8D /* FacebookPopViewController.m */ = {isa = PBXFileReference; fileEncoding = 4; lastKnownFileType = sourcecode.c.objc; path = FacebookPopViewController.m; sourceTree = "<group>"; };
		B09DFA9F1987A2A5004174CE /* MediaPlayer.framework */ = {isa = PBXFileReference; lastKnownFileType = wrapper.framework; name = MediaPlayer.framework; path = System/Library/Frameworks/MediaPlayer.framework; sourceTree = SDKROOT; };
		B09DFAA11987A2AB004174CE /* MediaToolbox.framework */ = {isa = PBXFileReference; lastKnownFileType = wrapper.framework; name = MediaToolbox.framework; path = System/Library/Frameworks/MediaToolbox.framework; sourceTree = SDKROOT; };
		B09DFAA61987AE1C004174CE /* TestMpMoviePlayerViewController.h */ = {isa = PBXFileReference; fileEncoding = 4; lastKnownFileType = sourcecode.c.h; path = TestMpMoviePlayerViewController.h; sourceTree = "<group>"; };
		B09DFAA71987AE1C004174CE /* TestMpMoviePlayerViewController.m */ = {isa = PBXFileReference; fileEncoding = 4; lastKnownFileType = sourcecode.c.objc; path = TestMpMoviePlayerViewController.m; sourceTree = "<group>"; };
		B09DFAA91987B04B004174CE /* testMpmovie.mp4 */ = {isa = PBXFileReference; lastKnownFileType = file; name = testMpmovie.mp4; path = TestProject/testMpmovie.mp4; sourceTree = SOURCE_ROOT; };
		B0B2094818DC2C3A00201CBD /* TableViewAutoLayoutTableViewController.h */ = {isa = PBXFileReference; fileEncoding = 4; lastKnownFileType = sourcecode.c.h; path = TableViewAutoLayoutTableViewController.h; sourceTree = "<group>"; };
		B0B2094918DC2C3A00201CBD /* TableViewAutoLayoutTableViewController.m */ = {isa = PBXFileReference; fileEncoding = 4; lastKnownFileType = sourcecode.c.objc; path = TableViewAutoLayoutTableViewController.m; sourceTree = "<group>"; };
		B0C43C9A1919CA1900F2A670 /* PageInitViewController.h */ = {isa = PBXFileReference; fileEncoding = 4; lastKnownFileType = sourcecode.c.h; path = PageInitViewController.h; sourceTree = "<group>"; };
		B0C43C9B1919CA1900F2A670 /* PageInitViewController.m */ = {isa = PBXFileReference; fileEncoding = 4; lastKnownFileType = sourcecode.c.objc; path = PageInitViewController.m; sourceTree = "<group>"; };
		B0C43CA31919E35200F2A670 /* PageContentViewController.h */ = {isa = PBXFileReference; fileEncoding = 4; lastKnownFileType = sourcecode.c.h; path = PageContentViewController.h; sourceTree = "<group>"; };
		B0C43CA41919E35200F2A670 /* PageContentViewController.m */ = {isa = PBXFileReference; fileEncoding = 4; lastKnownFileType = sourcecode.c.objc; path = PageContentViewController.m; sourceTree = "<group>"; };
		B0D4EC1F1A022E1E0067ECB2 /* TestAVFoudationViewController.h */ = {isa = PBXFileReference; fileEncoding = 4; lastKnownFileType = sourcecode.c.h; path = TestAVFoudationViewController.h; sourceTree = "<group>"; };
		B0D4EC201A022E1E0067ECB2 /* TestAVFoudationViewController.m */ = {isa = PBXFileReference; fileEncoding = 4; lastKnownFileType = sourcecode.c.objc; path = TestAVFoudationViewController.m; sourceTree = "<group>"; };
		B0D4EC221A022F700067ECB2 /* AVFoundation.framework */ = {isa = PBXFileReference; lastKnownFileType = wrapper.framework; name = AVFoundation.framework; path = System/Library/Frameworks/AVFoundation.framework; sourceTree = SDKROOT; };
		B0D7B69A18DA770B0095C471 /* CoreData.framework */ = {isa = PBXFileReference; lastKnownFileType = wrapper.framework; name = CoreData.framework; path = System/Library/Frameworks/CoreData.framework; sourceTree = SDKROOT; };
		B0D907001A51619500B60823 /* AlbumFullViewController.h */ = {isa = PBXFileReference; fileEncoding = 4; lastKnownFileType = sourcecode.c.h; path = AlbumFullViewController.h; sourceTree = "<group>"; };
		B0D907011A51619500B60823 /* AlbumFullViewController.m */ = {isa = PBXFileReference; fileEncoding = 4; lastKnownFileType = sourcecode.c.objc; path = AlbumFullViewController.m; sourceTree = "<group>"; };
		B0D907021A51619500B60823 /* SHNPictureManagerCtrller.h */ = {isa = PBXFileReference; fileEncoding = 4; lastKnownFileType = sourcecode.c.h; path = SHNPictureManagerCtrller.h; sourceTree = "<group>"; };
		B0D907031A51619500B60823 /* SHNPictureManagerCtrller.m */ = {isa = PBXFileReference; fileEncoding = 4; lastKnownFileType = sourcecode.c.objc; path = SHNPictureManagerCtrller.m; sourceTree = "<group>"; };
		B0DD273E1A318D02005C5845 /* TestButton.h */ = {isa = PBXFileReference; fileEncoding = 4; lastKnownFileType = sourcecode.c.h; path = TestButton.h; sourceTree = "<group>"; };
		B0DD273F1A318D02005C5845 /* TestButton.m */ = {isa = PBXFileReference; fileEncoding = 4; lastKnownFileType = sourcecode.c.objc; path = TestButton.m; sourceTree = "<group>"; };
		B0DD27411A318F0A005C5845 /* TestButtonViewController.h */ = {isa = PBXFileReference; fileEncoding = 4; lastKnownFileType = sourcecode.c.h; path = TestButtonViewController.h; sourceTree = "<group>"; };
		B0DD27421A318F0A005C5845 /* TestButtonViewController.m */ = {isa = PBXFileReference; fileEncoding = 4; lastKnownFileType = sourcecode.c.objc; path = TestButtonViewController.m; sourceTree = "<group>"; };
		B0FA090719E675A800C2E62A /* country.xcdatamodel */ = {isa = PBXFileReference; lastKnownFileType = wrapper.xcdatamodel; path = country.xcdatamodel; sourceTree = "<group>"; };
		B0FA090919E675D200C2E62A /* Country.h */ = {isa = PBXFileReference; fileEncoding = 4; lastKnownFileType = sourcecode.c.h; path = Country.h; sourceTree = "<group>"; };
		B0FA090A19E675D200C2E62A /* Country.m */ = {isa = PBXFileReference; fileEncoding = 4; lastKnownFileType = sourcecode.c.objc; path = Country.m; sourceTree = "<group>"; };
		CD7EE4EE758F41F4B76F1113 /* Pods.xcconfig */ = {isa = PBXFileReference; includeInIndex = 1; lastKnownFileType = text.xcconfig; name = Pods.xcconfig; path = Pods/Pods.xcconfig; sourceTree = "<group>"; };
/* End PBXFileReference section */

/* Begin PBXFrameworksBuildPhase section */
		B00EB12D18D6DC9F00303DF2 /* Frameworks */ = {
			isa = PBXFrameworksBuildPhase;
			buildActionMask = 2147483647;
			files = (
				B05BEE881A03688C007E0884 /* CoreMedia.framework in Frameworks */,
				B0D4EC231A022F700067ECB2 /* AVFoundation.framework in Frameworks */,
				B08CAD6519ED221E007037EA /* librabbitmq.a in Frameworks */,
				B09DFAA21987A2AB004174CE /* MediaToolbox.framework in Frameworks */,
				B09DFAA01987A2A5004174CE /* MediaPlayer.framework in Frameworks */,
				B022190919388D8A00305E3A /* QuartzCore.framework in Frameworks */,
				B0D7B69B18DA770B0095C471 /* CoreData.framework in Frameworks */,
				B00EB13618D6DC9F00303DF2 /* CoreGraphics.framework in Frameworks */,
				B00EB13818D6DC9F00303DF2 /* UIKit.framework in Frameworks */,
				B00EB13418D6DC9F00303DF2 /* Foundation.framework in Frameworks */,
				FCC3E7FD0FF645D49B05BFA5 /* libPods.a in Frameworks */,
			);
			runOnlyForDeploymentPostprocessing = 0;
		};
		B00EB14E18D6DC9F00303DF2 /* Frameworks */ = {
			isa = PBXFrameworksBuildPhase;
			buildActionMask = 2147483647;
			files = (
				B00EB15318D6DC9F00303DF2 /* XCTest.framework in Frameworks */,
				B00EB15518D6DC9F00303DF2 /* UIKit.framework in Frameworks */,
				B00EB15418D6DC9F00303DF2 /* Foundation.framework in Frameworks */,
			);
			runOnlyForDeploymentPostprocessing = 0;
		};
/* End PBXFrameworksBuildPhase section */

/* Begin PBXGroup section */
		B00EB12718D6DC9F00303DF2 = {
			isa = PBXGroup;
			children = (
				B02218FB1938200D00305E3A /* ExtendLibrary */,
				B00EB13918D6DC9F00303DF2 /* TestProject */,
				B00EB15818D6DC9F00303DF2 /* TestProjectTests */,
				B00EB13218D6DC9F00303DF2 /* Frameworks */,
				B00EB13118D6DC9F00303DF2 /* Products */,
				CD7EE4EE758F41F4B76F1113 /* Pods.xcconfig */,
			);
			sourceTree = "<group>";
		};
		B00EB13118D6DC9F00303DF2 /* Products */ = {
			isa = PBXGroup;
			children = (
				B00EB13018D6DC9F00303DF2 /* TestProject.app */,
				B00EB15118D6DC9F00303DF2 /* TestProjectTests.xctest */,
			);
			name = Products;
			sourceTree = "<group>";
		};
		B00EB13218D6DC9F00303DF2 /* Frameworks */ = {
			isa = PBXGroup;
			children = (
				B05BEE871A03688C007E0884 /* CoreMedia.framework */,
				B0D4EC221A022F700067ECB2 /* AVFoundation.framework */,
				B09DFAA11987A2AB004174CE /* MediaToolbox.framework */,
				B09DFA9F1987A2A5004174CE /* MediaPlayer.framework */,
				B022190819388D8A00305E3A /* QuartzCore.framework */,
				B0D7B69A18DA770B0095C471 /* CoreData.framework */,
				B00EB13318D6DC9F00303DF2 /* Foundation.framework */,
				B00EB13518D6DC9F00303DF2 /* CoreGraphics.framework */,
				B00EB13718D6DC9F00303DF2 /* UIKit.framework */,
				B00EB15218D6DC9F00303DF2 /* XCTest.framework */,
				AED9780FC353400697DA57C9 /* libPods.a */,
			);
			name = Frameworks;
			sourceTree = "<group>";
		};
		B00EB13918D6DC9F00303DF2 /* TestProject */ = {
			isa = PBXGroup;
			children = (
				B0D4EC1F1A022E1E0067ECB2 /* TestAVFoudationViewController.h */,
				B0D4EC201A022E1E0067ECB2 /* TestAVFoudationViewController.m */,
				B09DFAA61987AE1C004174CE /* TestMpMoviePlayerViewController.h */,
				B09DFAA71987AE1C004174CE /* TestMpMoviePlayerViewController.m */,
				B00EB14218D6DC9F00303DF2 /* MainAppDelegate.h */,
				B00EB14318D6DC9F00303DF2 /* MainAppDelegate.m */,
				B00EB14818D6DC9F00303DF2 /* MainViewController.h */,
				B00EB14918D6DC9F00303DF2 /* MainViewController.m */,
				B0B2094818DC2C3A00201CBD /* TableViewAutoLayoutTableViewController.h */,
				B0B2094918DC2C3A00201CBD /* TableViewAutoLayoutTableViewController.m */,
				B0C43C9A1919CA1900F2A670 /* PageInitViewController.h */,
				B0C43C9B1919CA1900F2A670 /* PageInitViewController.m */,
				B0C43CA31919E35200F2A670 /* PageContentViewController.h */,
				B0C43CA41919E35200F2A670 /* PageContentViewController.m */,
				B096F12C191B626600218D8D /* FacebookPopViewController.h */,
				B096F12D191B626600218D8D /* FacebookPopViewController.m */,
				B0858DCD19B6C61F000C23B4 /* OrientationViewController.h */,
				B0858DCE19B6C61F000C23B4 /* OrientationViewController.m */,
				B07154B219E63CAE00D12648 /* CoreDataTestViewController.h */,
				B07154B319E63CAE00D12648 /* CoreDataTestViewController.m */,
				B08CAD6619ED297A007037EA /* RabbitMQViewController.h */,
				B08CAD6719ED297A007037EA /* RabbitMQViewController.m */,
				B0DD27411A318F0A005C5845 /* TestButtonViewController.h */,
				B0DD27421A318F0A005C5845 /* TestButtonViewController.m */,
				B00EB14518D6DC9F00303DF2 /* Main.storyboard */,
				B00EB14B18D6DC9F00303DF2 /* Images.xcassets */,
				B00EB13A18D6DC9F00303DF2 /* Supporting Files */,
			);
			path = TestProject;
			sourceTree = "<group>";
		};
		B00EB13A18D6DC9F00303DF2 /* Supporting Files */ = {
			isa = PBXGroup;
			children = (
				B00EB13B18D6DC9F00303DF2 /* TestProject-Info.plist */,
				B00EB13C18D6DC9F00303DF2 /* InfoPlist.strings */,
				B00EB13F18D6DC9F00303DF2 /* main.m */,
				B00EB14118D6DC9F00303DF2 /* TestProject-Prefix.pch */,
			);
			name = "Supporting Files";
			sourceTree = "<group>";
		};
		B00EB15818D6DC9F00303DF2 /* TestProjectTests */ = {
			isa = PBXGroup;
			children = (
				B00EB15E18D6DC9F00303DF2 /* TestProjectTests.m */,
				B00EB15918D6DC9F00303DF2 /* Supporting Files */,
			);
			path = TestProjectTests;
			sourceTree = "<group>";
		};
		B00EB15918D6DC9F00303DF2 /* Supporting Files */ = {
			isa = PBXGroup;
			children = (
				B00EB15A18D6DC9F00303DF2 /* TestProjectTests-Info.plist */,
				B00EB15B18D6DC9F00303DF2 /* InfoPlist.strings */,
			);
			name = "Supporting Files";
			sourceTree = "<group>";
		};
		B01283171A36F86E00741E0C /* TestViewControllerTransition */ = {
			isa = PBXGroup;
			children = (
				B01283181A36F8AB00741E0C /* TestViewControllerTransition.h */,
				B01283191A36F8AB00741E0C /* TestViewControllerTransition.m */,
			);
			path = TestViewControllerTransition;
			sourceTree = "<group>";
		};
		B02153B71A1CA8B0004465A7 /* GWHttpMethods */ = {
			isa = PBXGroup;
			children = (
				B02153B81A1CA8B0004465A7 /* GWHttpMethods.h */,
				B02153B91A1CA8B0004465A7 /* GWHttpMethods.m */,
			);
			path = GWHttpMethods;
			sourceTree = "<group>";
		};
		B02218FB1938200D00305E3A /* ExtendLibrary */ = {
			isa = PBXGroup;
			children = (
				B0D906FF1A51619500B60823 /* AlbumViewController */,
				B01283171A36F86E00741E0C /* TestViewControllerTransition */,
				B0DD273D1A318CE4005C5845 /* TestButton */,
				B02153B71A1CA8B0004465A7 /* GWHttpMethods */,
				B08CAD5F19ED221E007037EA /* rabbitmq-lib */,
				B0FA090519E6759E00C2E62A /* CoreDataTest */,
				B06D6AD11999B6A80037DF27 /* MaterialButton */,
				B09DFAA91987B04B004174CE /* testMpmovie.mp4 */,
				B03B2AA51A30652B007CCCF7 /* nvr.mp4 */,
				B0428B22195BC2D4007FA624 /* AppNotificationMessage */,
				B0221900193820B800305E3A /* MultiSplitCollectionView */,
			);
			path = ExtendLibrary;
			sourceTree = "<group>";
		};
		B0221900193820B800305E3A /* MultiSplitCollectionView */ = {
			isa = PBXGroup;
			children = (
				B0221901193820C500305E3A /* MultiSplitCollectionView.h */,
				B0221902193820C500305E3A /* MultiSplitCollectionView.m */,
				B0221904193820DD00305E3A /* MultiSplitCollectionViewCell.h */,
				B0221905193820DD00305E3A /* MultiSplitCollectionViewCell.m */,
				B0858DE619B6CC2C000C23B4 /* OneSplitFlowLayout.h */,
				B0858DE719B6CC2C000C23B4 /* OneSplitFlowLayout.m */,
				B0858DE319B6CAA7000C23B4 /* FourSplitFlowLayout.h */,
				B0858DE419B6CAA7000C23B4 /* FourSplitFlowLayout.m */,
				B0858DEA19B70D84000C23B4 /* NineSplitFlowLayout.h */,
				B0858DEB19B70D84000C23B4 /* NineSplitFlowLayout.m */,
				B0858DF019B70EF6000C23B4 /* SixteenSplitFlowLayout.h */,
				B0858DF119B70EF6000C23B4 /* SixteenSplitFlowLayout.m */,
			);
			path = MultiSplitCollectionView;
			sourceTree = "<group>";
		};
		B0428B22195BC2D4007FA624 /* AppNotificationMessage */ = {
			isa = PBXGroup;
			children = (
				B0428B23195BC2EF007FA624 /* AppNotificationMessage.h */,
				B0428B24195BC2EF007FA624 /* AppNotificationMessage.m */,
			);
			path = AppNotificationMessage;
			sourceTree = "<group>";
		};
		B06D6AD11999B6A80037DF27 /* MaterialButton */ = {
			isa = PBXGroup;
			children = (
				B06D6AD21999B6C40037DF27 /* MaterialButton.h */,
				B06D6AD31999B6C40037DF27 /* MaterialButton.m */,
			);
			path = MaterialButton;
			sourceTree = "<group>";
		};
		B08CAD5F19ED221E007037EA /* rabbitmq-lib */ = {
			isa = PBXGroup;
			children = (
				B08CAD6019ED221E007037EA /* amqp.h */,
				B08CAD6119ED221E007037EA /* amqp_framing.h */,
				B08CAD6219ED221E007037EA /* amqp_private.h */,
				B08CAD6319ED221E007037EA /* librabbitmq.a */,
				B08CAD6419ED221E007037EA /* socket.h */,
			);
			path = "rabbitmq-lib";
			sourceTree = "<group>";
		};
		B0D906FF1A51619500B60823 /* AlbumViewController */ = {
			isa = PBXGroup;
			children = (
				B0D907001A51619500B60823 /* AlbumFullViewController.h */,
				B0D907011A51619500B60823 /* AlbumFullViewController.m */,
				B0D907021A51619500B60823 /* SHNPictureManagerCtrller.h */,
				B0D907031A51619500B60823 /* SHNPictureManagerCtrller.m */,
			);
			path = AlbumViewController;
			sourceTree = "<group>";
		};
		B0DD273D1A318CE4005C5845 /* TestButton */ = {
			isa = PBXGroup;
			children = (
				B0DD273E1A318D02005C5845 /* TestButton.h */,
				B0DD273F1A318D02005C5845 /* TestButton.m */,
			);
			path = TestButton;
			sourceTree = "<group>";
		};
		B0FA090519E6759E00C2E62A /* CoreDataTest */ = {
			isa = PBXGroup;
			children = (
				B0FA090619E675A800C2E62A /* country.xcdatamodeld */,
				B0FA090919E675D200C2E62A /* Country.h */,
				B0FA090A19E675D200C2E62A /* Country.m */,
			);
			path = CoreDataTest;
			sourceTree = "<group>";
		};
/* End PBXGroup section */

/* Begin PBXNativeTarget section */
		B00EB12F18D6DC9F00303DF2 /* TestProject */ = {
			isa = PBXNativeTarget;
			buildConfigurationList = B00EB16218D6DC9F00303DF2 /* Build configuration list for PBXNativeTarget "TestProject" */;
			buildPhases = (
				DF73889E9A494F90999BE502 /* Check Pods Manifest.lock */,
				B00EB12C18D6DC9F00303DF2 /* Sources */,
				B00EB12D18D6DC9F00303DF2 /* Frameworks */,
				B00EB12E18D6DC9F00303DF2 /* Resources */,
				DAAB0F13A51645BEB7B874E0 /* Copy Pods Resources */,
			);
			buildRules = (
			);
			dependencies = (
			);
			name = TestProject;
			productName = TestProject;
			productReference = B00EB13018D6DC9F00303DF2 /* TestProject.app */;
			productType = "com.apple.product-type.application";
		};
		B00EB15018D6DC9F00303DF2 /* TestProjectTests */ = {
			isa = PBXNativeTarget;
			buildConfigurationList = B00EB16518D6DC9F00303DF2 /* Build configuration list for PBXNativeTarget "TestProjectTests" */;
			buildPhases = (
				B00EB14D18D6DC9F00303DF2 /* Sources */,
				B00EB14E18D6DC9F00303DF2 /* Frameworks */,
				B00EB14F18D6DC9F00303DF2 /* Resources */,
			);
			buildRules = (
			);
			dependencies = (
				B00EB15718D6DC9F00303DF2 /* PBXTargetDependency */,
			);
			name = TestProjectTests;
			productName = TestProjectTests;
			productReference = B00EB15118D6DC9F00303DF2 /* TestProjectTests.xctest */;
			productType = "com.apple.product-type.bundle.unit-test";
		};
/* End PBXNativeTarget section */

/* Begin PBXProject section */
		B00EB12818D6DC9F00303DF2 /* Project object */ = {
			isa = PBXProject;
			attributes = {
				CLASSPREFIX = Main;
				LastUpgradeCheck = 0510;
				ORGANIZATIONNAME = shinsoft;
				TargetAttributes = {
					B00EB12F18D6DC9F00303DF2 = {
						DevelopmentTeam = EBMAL95Q6U;
					};
					B00EB15018D6DC9F00303DF2 = {
						TestTargetID = B00EB12F18D6DC9F00303DF2;
					};
				};
			};
			buildConfigurationList = B00EB12B18D6DC9F00303DF2 /* Build configuration list for PBXProject "TestProject" */;
			compatibilityVersion = "Xcode 3.2";
			developmentRegion = English;
			hasScannedForEncodings = 0;
			knownRegions = (
				en,
				Base,
			);
			mainGroup = B00EB12718D6DC9F00303DF2;
			productRefGroup = B00EB13118D6DC9F00303DF2 /* Products */;
			projectDirPath = "";
			projectRoot = "";
			targets = (
				B00EB12F18D6DC9F00303DF2 /* TestProject */,
				B00EB15018D6DC9F00303DF2 /* TestProjectTests */,
			);
		};
/* End PBXProject section */

/* Begin PBXResourcesBuildPhase section */
		B00EB12E18D6DC9F00303DF2 /* Resources */ = {
			isa = PBXResourcesBuildPhase;
			buildActionMask = 2147483647;
			files = (
				B09DFAAA1987B04B004174CE /* testMpmovie.mp4 in Resources */,
				B00EB14C18D6DC9F00303DF2 /* Images.xcassets in Resources */,
				B00EB13E18D6DC9F00303DF2 /* InfoPlist.strings in Resources */,
				B00EB14718D6DC9F00303DF2 /* Main.storyboard in Resources */,
			);
			runOnlyForDeploymentPostprocessing = 0;
		};
		B00EB14F18D6DC9F00303DF2 /* Resources */ = {
			isa = PBXResourcesBuildPhase;
			buildActionMask = 2147483647;
			files = (
				B00EB15D18D6DC9F00303DF2 /* InfoPlist.strings in Resources */,
			);
			runOnlyForDeploymentPostprocessing = 0;
		};
/* End PBXResourcesBuildPhase section */

/* Begin PBXShellScriptBuildPhase section */
		DAAB0F13A51645BEB7B874E0 /* Copy Pods Resources */ = {
			isa = PBXShellScriptBuildPhase;
			buildActionMask = 2147483647;
			files = (
			);
			inputPaths = (
			);
			name = "Copy Pods Resources";
			outputPaths = (
			);
			runOnlyForDeploymentPostprocessing = 0;
			shellPath = /bin/sh;
			shellScript = "\"${SRCROOT}/Pods/Pods-resources.sh\"\n";
			showEnvVarsInLog = 0;
		};
		DF73889E9A494F90999BE502 /* Check Pods Manifest.lock */ = {
			isa = PBXShellScriptBuildPhase;
			buildActionMask = 2147483647;
			files = (
			);
			inputPaths = (
			);
			name = "Check Pods Manifest.lock";
			outputPaths = (
			);
			runOnlyForDeploymentPostprocessing = 0;
			shellPath = /bin/sh;
			shellScript = "diff \"${PODS_ROOT}/../Podfile.lock\" \"${PODS_ROOT}/Manifest.lock\" > /dev/null\nif [[ $? != 0 ]] ; then\n    cat << EOM\nerror: The sandbox is not in sync with the Podfile.lock. Run 'pod install' or update your CocoaPods installation.\nEOM\n    exit 1\nfi\n";
			showEnvVarsInLog = 0;
		};
/* End PBXShellScriptBuildPhase section */

/* Begin PBXSourcesBuildPhase section */
		B00EB12C18D6DC9F00303DF2 /* Sources */ = {
			isa = PBXSourcesBuildPhase;
			buildActionMask = 2147483647;
			files = (
				B0B2094A18DC2C3A00201CBD /* TableViewAutoLayoutTableViewController.m in Sources */,
				B07154B419E63CAE00D12648 /* CoreDataTestViewController.m in Sources */,
				B0858DF219B70EF6000C23B4 /* SixteenSplitFlowLayout.m in Sources */,
				B00EB14018D6DC9F00303DF2 /* main.m in Sources */,
				B0FA090B19E675D200C2E62A /* Country.m in Sources */,
				B0FA090819E675A800C2E62A /* country.xcdatamodeld in Sources */,
				B0C43C9C1919CA1900F2A670 /* PageInitViewController.m in Sources */,
				B0858DCF19B6C61F000C23B4 /* OrientationViewController.m in Sources */,
				B0221906193820DD00305E3A /* MultiSplitCollectionViewCell.m in Sources */,
				B012831A1A36F8AB00741E0C /* TestViewControllerTransition.m in Sources */,
				B02153BA1A1CA8B0004465A7 /* GWHttpMethods.m in Sources */,
				B0221903193820C500305E3A /* MultiSplitCollectionView.m in Sources */,
				B0D907041A51619500B60823 /* AlbumFullViewController.m in Sources */,
				B0858DE519B6CAA7000C23B4 /* FourSplitFlowLayout.m in Sources */,
				B00EB14A18D6DC9F00303DF2 /* MainViewController.m in Sources */,
				B0858DE819B6CC2C000C23B4 /* OneSplitFlowLayout.m in Sources */,
				B0D4EC211A022E1E0067ECB2 /* TestAVFoudationViewController.m in Sources */,
				B0428B25195BC2EF007FA624 /* AppNotificationMessage.m in Sources */,
				B096F12E191B626600218D8D /* FacebookPopViewController.m in Sources */,
				B08CAD6819ED297A007037EA /* RabbitMQViewController.m in Sources */,
				B00EB14418D6DC9F00303DF2 /* MainAppDelegate.m in Sources */,
				B0D907051A51619500B60823 /* SHNPictureManagerCtrller.m in Sources */,
				B0DD27401A318D02005C5845 /* TestButton.m in Sources */,
				B0DD27431A318F0A005C5845 /* TestButtonViewController.m in Sources */,
				B0858DEC19B70D84000C23B4 /* NineSplitFlowLayout.m in Sources */,
				B0C43CA51919E35200F2A670 /* PageContentViewController.m in Sources */,
				B06D6AD41999B6C40037DF27 /* MaterialButton.m in Sources */,
				B09DFAA81987AE1C004174CE /* TestMpMoviePlayerViewController.m in Sources */,
			);
			runOnlyForDeploymentPostprocessing = 0;
		};
		B00EB14D18D6DC9F00303DF2 /* Sources */ = {
			isa = PBXSourcesBuildPhase;
			buildActionMask = 2147483647;
			files = (
				B00EB15F18D6DC9F00303DF2 /* TestProjectTests.m in Sources */,
			);
			runOnlyForDeploymentPostprocessing = 0;
		};
/* End PBXSourcesBuildPhase section */

/* Begin PBXTargetDependency section */
		B00EB15718D6DC9F00303DF2 /* PBXTargetDependency */ = {
			isa = PBXTargetDependency;
			target = B00EB12F18D6DC9F00303DF2 /* TestProject */;
			targetProxy = B00EB15618D6DC9F00303DF2 /* PBXContainerItemProxy */;
		};
/* End PBXTargetDependency section */

/* Begin PBXVariantGroup section */
		B00EB13C18D6DC9F00303DF2 /* InfoPlist.strings */ = {
			isa = PBXVariantGroup;
			children = (
				B00EB13D18D6DC9F00303DF2 /* en */,
			);
			name = InfoPlist.strings;
			sourceTree = "<group>";
		};
		B00EB14518D6DC9F00303DF2 /* Main.storyboard */ = {
			isa = PBXVariantGroup;
			children = (
				B00EB14618D6DC9F00303DF2 /* Base */,
			);
			name = Main.storyboard;
			sourceTree = "<group>";
		};
		B00EB15B18D6DC9F00303DF2 /* InfoPlist.strings */ = {
			isa = PBXVariantGroup;
			children = (
				B00EB15C18D6DC9F00303DF2 /* en */,
			);
			name = InfoPlist.strings;
			sourceTree = "<group>";
		};
/* End PBXVariantGroup section */

/* Begin XCBuildConfiguration section */
		B00EB16018D6DC9F00303DF2 /* Debug */ = {
			isa = XCBuildConfiguration;
			buildSettings = {
				ALWAYS_SEARCH_USER_PATHS = NO;
				CLANG_CXX_LANGUAGE_STANDARD = "gnu++0x";
				CLANG_CXX_LIBRARY = "libc++";
				CLANG_ENABLE_MODULES = YES;
				CLANG_ENABLE_OBJC_ARC = YES;
				CLANG_WARN_BOOL_CONVERSION = YES;
				CLANG_WARN_CONSTANT_CONVERSION = YES;
				CLANG_WARN_DIRECT_OBJC_ISA_USAGE = YES_ERROR;
				CLANG_WARN_EMPTY_BODY = YES;
				CLANG_WARN_ENUM_CONVERSION = YES;
				CLANG_WARN_INT_CONVERSION = YES;
				CLANG_WARN_OBJC_ROOT_CLASS = YES_ERROR;
				CLANG_WARN__DUPLICATE_METHOD_MATCH = YES;
				"CODE_SIGN_IDENTITY[sdk=iphoneos*]" = "iPhone Developer";
				COPY_PHASE_STRIP = NO;
				GCC_C_LANGUAGE_STANDARD = gnu99;
				GCC_DYNAMIC_NO_PIC = NO;
				GCC_OPTIMIZATION_LEVEL = 0;
				GCC_PREPROCESSOR_DEFINITIONS = (
					"DEBUG=1",
					"$(inherited)",
				);
				GCC_SYMBOLS_PRIVATE_EXTERN = NO;
				GCC_WARN_64_TO_32_BIT_CONVERSION = YES;
				GCC_WARN_ABOUT_RETURN_TYPE = YES_ERROR;
				GCC_WARN_UNDECLARED_SELECTOR = YES;
				GCC_WARN_UNINITIALIZED_AUTOS = YES_AGGRESSIVE;
				GCC_WARN_UNUSED_FUNCTION = YES;
				GCC_WARN_UNUSED_VARIABLE = YES;
				IPHONEOS_DEPLOYMENT_TARGET = 7.1;
				ONLY_ACTIVE_ARCH = YES;
				SDKROOT = iphoneos;
			};
			name = Debug;
		};
		B00EB16118D6DC9F00303DF2 /* Release */ = {
			isa = XCBuildConfiguration;
			buildSettings = {
				ALWAYS_SEARCH_USER_PATHS = NO;
				CLANG_CXX_LANGUAGE_STANDARD = "gnu++0x";
				CLANG_CXX_LIBRARY = "libc++";
				CLANG_ENABLE_MODULES = YES;
				CLANG_ENABLE_OBJC_ARC = YES;
				CLANG_WARN_BOOL_CONVERSION = YES;
				CLANG_WARN_CONSTANT_CONVERSION = YES;
				CLANG_WARN_DIRECT_OBJC_ISA_USAGE = YES_ERROR;
				CLANG_WARN_EMPTY_BODY = YES;
				CLANG_WARN_ENUM_CONVERSION = YES;
				CLANG_WARN_INT_CONVERSION = YES;
				CLANG_WARN_OBJC_ROOT_CLASS = YES_ERROR;
				CLANG_WARN__DUPLICATE_METHOD_MATCH = YES;
				"CODE_SIGN_IDENTITY[sdk=iphoneos*]" = "iPhone Developer";
				COPY_PHASE_STRIP = YES;
				ENABLE_NS_ASSERTIONS = NO;
				GCC_C_LANGUAGE_STANDARD = gnu99;
				GCC_WARN_64_TO_32_BIT_CONVERSION = YES;
				GCC_WARN_ABOUT_RETURN_TYPE = YES_ERROR;
				GCC_WARN_UNDECLARED_SELECTOR = YES;
				GCC_WARN_UNINITIALIZED_AUTOS = YES_AGGRESSIVE;
				GCC_WARN_UNUSED_FUNCTION = YES;
				GCC_WARN_UNUSED_VARIABLE = YES;
				IPHONEOS_DEPLOYMENT_TARGET = 7.1;
				SDKROOT = iphoneos;
				VALIDATE_PRODUCT = YES;
			};
			name = Release;
		};
		B00EB16318D6DC9F00303DF2 /* Debug */ = {
			isa = XCBuildConfiguration;
			baseConfigurationReference = CD7EE4EE758F41F4B76F1113 /* Pods.xcconfig */;
			buildSettings = {
				ARCHS = "$(ARCHS_STANDARD)";
				ASSETCATALOG_COMPILER_APPICON_NAME = AppIcon;
				ASSETCATALOG_COMPILER_LAUNCHIMAGE_NAME = LaunchImage;
				GCC_PRECOMPILE_PREFIX_HEADER = YES;
				GCC_PREFIX_HEADER = "TestProject/TestProject-Prefix.pch";
				HEADER_SEARCH_PATHS = (
					"\"${PODS_ROOT}/Headers\"",
					"\"${PODS_ROOT}/Headers/pop\"",
					"\"$(SRCROOT)/ExtendLibrary/rabbitmq-lib\"",
				);
				INFOPLIST_FILE = "TestProject/TestProject-Info.plist";
				IPHONEOS_DEPLOYMENT_TARGET = 7.0;
				LIBRARY_SEARCH_PATHS = (
					"$(inherited)",
					"$(PROJECT_DIR)/ExtendLibrary/rabbitmq-lib",
				);
				PRODUCT_NAME = "$(TARGET_NAME)";
				WRAPPER_EXTENSION = app;
			};
			name = Debug;
		};
		B00EB16418D6DC9F00303DF2 /* Release */ = {
			isa = XCBuildConfiguration;
			baseConfigurationReference = CD7EE4EE758F41F4B76F1113 /* Pods.xcconfig */;
			buildSettings = {
				ARCHS = "$(ARCHS_STANDARD)";
				ASSETCATALOG_COMPILER_APPICON_NAME = AppIcon;
				ASSETCATALOG_COMPILER_LAUNCHIMAGE_NAME = LaunchImage;
				GCC_PRECOMPILE_PREFIX_HEADER = YES;
				GCC_PREFIX_HEADER = "TestProject/TestProject-Prefix.pch";
				HEADER_SEARCH_PATHS = (
					"\"${PODS_ROOT}/Headers\"",
					"\"${PODS_ROOT}/Headers/pop\"",
					"\"$(SRCROOT)/ExtendLibrary/rabbitmq-lib\"",
				);
				INFOPLIST_FILE = "TestProject/TestProject-Info.plist";
				IPHONEOS_DEPLOYMENT_TARGET = 7.0;
				LIBRARY_SEARCH_PATHS = (
					"$(inherited)",
					"$(PROJECT_DIR)/ExtendLibrary/rabbitmq-lib",
				);
				PRODUCT_NAME = "$(TARGET_NAME)";
				WRAPPER_EXTENSION = app;
			};
			name = Release;
		};
		B00EB16618D6DC9F00303DF2 /* Debug */ = {
			isa = XCBuildConfiguration;
			buildSettings = {
				BUNDLE_LOADER = "$(BUILT_PRODUCTS_DIR)/TestProject.app/TestProject";
				FRAMEWORK_SEARCH_PATHS = (
					"$(SDKROOT)/Developer/Library/Frameworks",
					"$(inherited)",
					"$(DEVELOPER_FRAMEWORKS_DIR)",
				);
				GCC_PRECOMPILE_PREFIX_HEADER = YES;
				GCC_PREFIX_HEADER = "TestProject/TestProject-Prefix.pch";
				GCC_PREPROCESSOR_DEFINITIONS = (
					"DEBUG=1",
					"$(inherited)",
				);
				INFOPLIST_FILE = "TestProjectTests/TestProjectTests-Info.plist";
				PRODUCT_NAME = "$(TARGET_NAME)";
				TEST_HOST = "$(BUNDLE_LOADER)";
				WRAPPER_EXTENSION = xctest;
			};
			name = Debug;
		};
		B00EB16718D6DC9F00303DF2 /* Release */ = {
			isa = XCBuildConfiguration;
			buildSettings = {
				BUNDLE_LOADER = "$(BUILT_PRODUCTS_DIR)/TestProject.app/TestProject";
				FRAMEWORK_SEARCH_PATHS = (
					"$(SDKROOT)/Developer/Library/Frameworks",
					"$(inherited)",
					"$(DEVELOPER_FRAMEWORKS_DIR)",
				);
				GCC_PRECOMPILE_PREFIX_HEADER = YES;
				GCC_PREFIX_HEADER = "TestProject/TestProject-Prefix.pch";
				INFOPLIST_FILE = "TestProjectTests/TestProjectTests-Info.plist";
				PRODUCT_NAME = "$(TARGET_NAME)";
				TEST_HOST = "$(BUNDLE_LOADER)";
				WRAPPER_EXTENSION = xctest;
			};
			name = Release;
		};
/* End XCBuildConfiguration section */

/* Begin XCConfigurationList section */
		B00EB12B18D6DC9F00303DF2 /* Build configuration list for PBXProject "TestProject" */ = {
			isa = XCConfigurationList;
			buildConfigurations = (
				B00EB16018D6DC9F00303DF2 /* Debug */,
				B00EB16118D6DC9F00303DF2 /* Release */,
			);
			defaultConfigurationIsVisible = 0;
			defaultConfigurationName = Release;
		};
		B00EB16218D6DC9F00303DF2 /* Build configuration list for PBXNativeTarget "TestProject" */ = {
			isa = XCConfigurationList;
			buildConfigurations = (
				B00EB16318D6DC9F00303DF2 /* Debug */,
				B00EB16418D6DC9F00303DF2 /* Release */,
			);
			defaultConfigurationIsVisible = 0;
			defaultConfigurationName = Release;
		};
		B00EB16518D6DC9F00303DF2 /* Build configuration list for PBXNativeTarget "TestProjectTests" */ = {
			isa = XCConfigurationList;
			buildConfigurations = (
				B00EB16618D6DC9F00303DF2 /* Debug */,
				B00EB16718D6DC9F00303DF2 /* Release */,
			);
			defaultConfigurationIsVisible = 0;
			defaultConfigurationName = Release;
		};
/* End XCConfigurationList section */

/* Begin XCVersionGroup section */
		B0FA090619E675A800C2E62A /* country.xcdatamodeld */ = {
			isa = XCVersionGroup;
			children = (
				B0FA090719E675A800C2E62A /* country.xcdatamodel */,
			);
			currentVersion = B0FA090719E675A800C2E62A /* country.xcdatamodel */;
			path = country.xcdatamodeld;
			sourceTree = "<group>";
			versionGroupType = wrapper.xcdatamodel;
		};
/* End XCVersionGroup section */
	};
	rootObject = B00EB12818D6DC9F00303DF2 /* Project object */;
}
